// !$*UTF8*$!
{
	archiveVersion = 1;
	classes = {
	};
	objectVersion = 50;
	objects = {

/* Begin PBXBuildFile section */
		39395A22195C895FC3E5291B /* Pods_SNVIPER.framework in Frameworks */ = {isa = PBXBuildFile; fileRef = F0793BA5692F74D6BC5B10E4 /* Pods_SNVIPER.framework */; };
		4FF4D37B21E8681C0068F919 /* NavigationController.swift in Sources */ = {isa = PBXBuildFile; fileRef = 4FF4D37A21E8681C0068F919 /* NavigationController.swift */; };
		DE0A049621216B0B00693022 /* AppDelegate.swift in Sources */ = {isa = PBXBuildFile; fileRef = DE0A049521216B0B00693022 /* AppDelegate.swift */; };
		DE0A049821216B0B00693022 /* ViewController.swift in Sources */ = {isa = PBXBuildFile; fileRef = DE0A049721216B0B00693022 /* ViewController.swift */; };
		DE0A049B21216B0B00693022 /* Main.storyboard in Resources */ = {isa = PBXBuildFile; fileRef = DE0A049921216B0B00693022 /* Main.storyboard */; };
		DE0A049D21216B0C00693022 /* Assets.xcassets in Resources */ = {isa = PBXBuildFile; fileRef = DE0A049C21216B0C00693022 /* Assets.xcassets */; };
		DE0A04A021216B0C00693022 /* LaunchScreen.storyboard in Resources */ = {isa = PBXBuildFile; fileRef = DE0A049E21216B0C00693022 /* LaunchScreen.storyboard */; };
		DE0A04AB21216B0C00693022 /* SNVIPERTests.swift in Sources */ = {isa = PBXBuildFile; fileRef = DE0A04AA21216B0C00693022 /* SNVIPERTests.swift */; };
		DE0A04B621216B0C00693022 /* SNVIPERUITests.swift in Sources */ = {isa = PBXBuildFile; fileRef = DE0A04B521216B0C00693022 /* SNVIPERUITests.swift */; };
		DE0A050021216F9200693022 /* NetworkReachabilityStatusManager.swift in Sources */ = {isa = PBXBuildFile; fileRef = DE0A04C521216F9200693022 /* NetworkReachabilityStatusManager.swift */; };
		DE0A050121216F9200693022 /* CustomServerTrustPolicyManager.swift in Sources */ = {isa = PBXBuildFile; fileRef = DE0A04C621216F9200693022 /* CustomServerTrustPolicyManager.swift */; };
		DE0A050221216F9200693022 /* HandleNetworkData.swift in Sources */ = {isa = PBXBuildFile; fileRef = DE0A04C721216F9200693022 /* HandleNetworkData.swift */; };
		DE0A050321216F9200693022 /* BaseTargetType.swift in Sources */ = {isa = PBXBuildFile; fileRef = DE0A04C821216F9200693022 /* BaseTargetType.swift */; };
		DE0A050421216F9200693022 /* DataProvider.swift in Sources */ = {isa = PBXBuildFile; fileRef = DE0A04C921216F9200693022 /* DataProvider.swift */; };
		DE0A050521216F9200693022 /* CertificateTrustUtil.swift in Sources */ = {isa = PBXBuildFile; fileRef = DE0A04CA21216F9200693022 /* CertificateTrustUtil.swift */; };
		DE0A050621216F9200693022 /* MoyaProviderExtension.swift in Sources */ = {isa = PBXBuildFile; fileRef = DE0A04CB21216F9200693022 /* MoyaProviderExtension.swift */; };
		DE0A050721216F9200693022 /* ModelDataProvider.swift in Sources */ = {isa = PBXBuildFile; fileRef = DE0A04CC21216F9200693022 /* ModelDataProvider.swift */; };
		DE0A050821216F9200693022 /* CacheDataModel.swift in Sources */ = {isa = PBXBuildFile; fileRef = DE0A04CE21216F9200693022 /* CacheDataModel.swift */; };
		DE0A050921216F9200693022 /* SNURLCache.swift in Sources */ = {isa = PBXBuildFile; fileRef = DE0A04CF21216F9200693022 /* SNURLCache.swift */; };
		DE0A050A21216F9200693022 /* SNURLProtocol.swift in Sources */ = {isa = PBXBuildFile; fileRef = DE0A04D021216F9200693022 /* SNURLProtocol.swift */; };
		DE0A050B21216F9200693022 /* CacheStore.swift in Sources */ = {isa = PBXBuildFile; fileRef = DE0A04D121216F9200693022 /* CacheStore.swift */; };
		DE0A050C21216F9200693022 /* TouchUpDelegate.swift in Sources */ = {isa = PBXBuildFile; fileRef = DE0A04D321216F9200693022 /* TouchUpDelegate.swift */; };
		DE0A050D21216F9200693022 /* RowTableViewAdapter.swift in Sources */ = {isa = PBXBuildFile; fileRef = DE0A04D521216F9200693022 /* RowTableViewAdapter.swift */; };
		DE0A050E21216F9200693022 /* SectionTableViewAdapter.swift in Sources */ = {isa = PBXBuildFile; fileRef = DE0A04D621216F9200693022 /* SectionTableViewAdapter.swift */; };
		DE0A050F21216F9200693022 /* BaseTableAdapter.swift in Sources */ = {isa = PBXBuildFile; fileRef = DE0A04D721216F9200693022 /* BaseTableAdapter.swift */; };
		DE0A051021216F9200693022 /* SectionViewAdapterProtocol.swift in Sources */ = {isa = PBXBuildFile; fileRef = DE0A04D821216F9200693022 /* SectionViewAdapterProtocol.swift */; };
		DE0A051121216F9200693022 /* BaseAdapter.swift in Sources */ = {isa = PBXBuildFile; fileRef = DE0A04D921216F9200693022 /* BaseAdapter.swift */; };
		DE0A051221216F9200693022 /* BaseCollectionAdapter.swift in Sources */ = {isa = PBXBuildFile; fileRef = DE0A04DB21216F9200693022 /* BaseCollectionAdapter.swift */; };
		DE0A051321216F9200693022 /* SectionCollectionViewAdapter.swift in Sources */ = {isa = PBXBuildFile; fileRef = DE0A04DC21216F9200693022 /* SectionCollectionViewAdapter.swift */; };
		DE0A051421216F9200693022 /* RowCollectionViewAdapter.swift in Sources */ = {isa = PBXBuildFile; fileRef = DE0A04DD21216F9200693022 /* RowCollectionViewAdapter.swift */; };
		DE0A051521216F9200693022 /* RowViewAdapterProtocol.swift in Sources */ = {isa = PBXBuildFile; fileRef = DE0A04DE21216F9200693022 /* RowViewAdapterProtocol.swift */; };
		DE0A051621216F9200693022 /* AddViewProtocol.swift in Sources */ = {isa = PBXBuildFile; fileRef = DE0A04E021216F9200693022 /* AddViewProtocol.swift */; };
		DE0A051721216F9200693022 /* ViewToastProtocol.swift in Sources */ = {isa = PBXBuildFile; fileRef = DE0A04E121216F9200693022 /* ViewToastProtocol.swift */; };
		DE0A051821216F9200693022 /* BaseViewController.swift in Sources */ = {isa = PBXBuildFile; fileRef = DE0A04E221216F9200693022 /* BaseViewController.swift */; };
		DE0A051921216F9200693022 /* ViewHUDProtocol.swift in Sources */ = {isa = PBXBuildFile; fileRef = DE0A04E321216F9200693022 /* ViewHUDProtocol.swift */; };
		DE0A051A21216F9200693022 /* EmptyViewProtocol.swift in Sources */ = {isa = PBXBuildFile; fileRef = DE0A04E421216F9200693022 /* EmptyViewProtocol.swift */; };
		DE0A051B21216F9200693022 /* BaseListModel.swift in Sources */ = {isa = PBXBuildFile; fileRef = DE0A04E621216F9200693022 /* BaseListModel.swift */; };
		DE0A051C21216F9200693022 /* HandyJSONModel.swift in Sources */ = {isa = PBXBuildFile; fileRef = DE0A04E721216F9200693022 /* HandyJSONModel.swift */; };
		DE0A051D21216F9200693022 /* BaseModelProtocol.swift in Sources */ = {isa = PBXBuildFile; fileRef = DE0A04E821216F9200693022 /* BaseModelProtocol.swift */; };
		DE0A051E21216F9200693022 /* RefreshStatusProtocol.swift in Sources */ = {isa = PBXBuildFile; fileRef = DE0A04EA21216F9200693022 /* RefreshStatusProtocol.swift */; };
		DE0A051F21216F9200693022 /* DefaultEmptyView.swift in Sources */ = {isa = PBXBuildFile; fileRef = DE0A04EB21216F9200693022 /* DefaultEmptyView.swift */; };
		DE0A052021216F9200693022 /* BaseTableViewCell.swift in Sources */ = {isa = PBXBuildFile; fileRef = DE0A04EC21216F9200693022 /* BaseTableViewCell.swift */; };
		DE0A052121216F9200693022 /* UIBarButtonItemExtentions.swift in Sources */ = {isa = PBXBuildFile; fileRef = DE0A04ED21216F9200693022 /* UIBarButtonItemExtentions.swift */; };
		DE0A052221216F9200693022 /* BaseCollectionViewCell.swift in Sources */ = {isa = PBXBuildFile; fileRef = DE0A04EE21216F9200693022 /* BaseCollectionViewCell.swift */; };
		DE0A052321216F9200693022 /* UIScrollView+Refresh.swift in Sources */ = {isa = PBXBuildFile; fileRef = DE0A04EF21216F9200693022 /* UIScrollView+Refresh.swift */; };
		DE0A052421216F9200693022 /* UIViewControllerExtension.swift in Sources */ = {isa = PBXBuildFile; fileRef = DE0A04F021216F9200693022 /* UIViewControllerExtension.swift */; };
		DE0A052521216F9200693022 /* BaseTableViewHeaderFooterView.swift in Sources */ = {isa = PBXBuildFile; fileRef = DE0A04F121216F9200693022 /* BaseTableViewHeaderFooterView.swift */; };
		DE0A052621216F9200693022 /* GetViewProtocol.swift in Sources */ = {isa = PBXBuildFile; fileRef = DE0A04F221216F9200693022 /* GetViewProtocol.swift */; };
		DE0A052721216F9200693022 /* BaseCollectionReusableView.swift in Sources */ = {isa = PBXBuildFile; fileRef = DE0A04F321216F9200693022 /* BaseCollectionReusableView.swift */; };
		DE0A052821216F9200693022 /* UIWindowExtension.swift in Sources */ = {isa = PBXBuildFile; fileRef = DE0A04F421216F9200693022 /* UIWindowExtension.swift */; };
		DE0A052921216F9200693022 /* UINaViewControllerExtension.swift in Sources */ = {isa = PBXBuildFile; fileRef = DE0A04F521216F9200693022 /* UINaViewControllerExtension.swift */; };
		DE0A052A21216F9200693022 /* UIImageExtension.swift in Sources */ = {isa = PBXBuildFile; fileRef = DE0A04F621216F9200693022 /* UIImageExtension.swift */; };
		DE0A052B21216F9200693022 /* BaseViewProtocol.swift in Sources */ = {isa = PBXBuildFile; fileRef = DE0A04F721216F9200693022 /* BaseViewProtocol.swift */; };
		DE0A052C21216F9200693022 /* InteractorLifeCycleProtocol.swift in Sources */ = {isa = PBXBuildFile; fileRef = DE0A04F921216F9200693022 /* InteractorLifeCycleProtocol.swift */; };
		DE0A052D21216F9200693022 /* URIPathConverter.swift in Sources */ = {isa = PBXBuildFile; fileRef = DE0A04FB21216F9200693022 /* URIPathConverter.swift */; };
		DE0A052E21216F9200693022 /* Router.swift in Sources */ = {isa = PBXBuildFile; fileRef = DE0A04FC21216F9200693022 /* Router.swift */; };
		DE0A052F21216F9200693022 /* RouterProtocol.swift in Sources */ = {isa = PBXBuildFile; fileRef = DE0A04FD21216F9200693022 /* RouterProtocol.swift */; };
		DE0A053021216F9200693022 /* RouterPluginProtocol.swift in Sources */ = {isa = PBXBuildFile; fileRef = DE0A04FE21216F9200693022 /* RouterPluginProtocol.swift */; };
		DE0A053121216F9200693022 /* RouterManager.swift in Sources */ = {isa = PBXBuildFile; fileRef = DE0A04FF21216F9200693022 /* RouterManager.swift */; };
/* End PBXBuildFile section */

/* Begin PBXContainerItemProxy section */
		DE0A04A721216B0C00693022 /* PBXContainerItemProxy */ = {
			isa = PBXContainerItemProxy;
			containerPortal = DE0A048A21216B0B00693022 /* Project object */;
			proxyType = 1;
			remoteGlobalIDString = DE0A049121216B0B00693022;
			remoteInfo = SNVIPER;
		};
		DE0A04B221216B0C00693022 /* PBXContainerItemProxy */ = {
			isa = PBXContainerItemProxy;
			containerPortal = DE0A048A21216B0B00693022 /* Project object */;
			proxyType = 1;
			remoteGlobalIDString = DE0A049121216B0B00693022;
			remoteInfo = SNVIPER;
		};
/* End PBXContainerItemProxy section */

/* Begin PBXFileReference section */
		290E503ED5590935CA3F2F49 /* Pods-SNVIPER.release.xcconfig */ = {isa = PBXFileReference; includeInIndex = 1; lastKnownFileType = text.xcconfig; name = "Pods-SNVIPER.release.xcconfig"; path = "Pods/Target Support Files/Pods-SNVIPER/Pods-SNVIPER.release.xcconfig"; sourceTree = "<group>"; };
		4FF4D37A21E8681C0068F919 /* NavigationController.swift */ = {isa = PBXFileReference; fileEncoding = 4; lastKnownFileType = sourcecode.swift; path = NavigationController.swift; sourceTree = "<group>"; };
		97ABFA3CB6EEACD5243687E2 /* Pods-SNVIPER.debug.xcconfig */ = {isa = PBXFileReference; includeInIndex = 1; lastKnownFileType = text.xcconfig; name = "Pods-SNVIPER.debug.xcconfig"; path = "Pods/Target Support Files/Pods-SNVIPER/Pods-SNVIPER.debug.xcconfig"; sourceTree = "<group>"; };
		DE0A049221216B0B00693022 /* SNVIPER.app */ = {isa = PBXFileReference; explicitFileType = wrapper.application; includeInIndex = 0; path = SNVIPER.app; sourceTree = BUILT_PRODUCTS_DIR; };
		DE0A049521216B0B00693022 /* AppDelegate.swift */ = {isa = PBXFileReference; lastKnownFileType = sourcecode.swift; path = AppDelegate.swift; sourceTree = "<group>"; };
		DE0A049721216B0B00693022 /* ViewController.swift */ = {isa = PBXFileReference; lastKnownFileType = sourcecode.swift; path = ViewController.swift; sourceTree = "<group>"; };
		DE0A049A21216B0B00693022 /* Base */ = {isa = PBXFileReference; lastKnownFileType = file.storyboard; name = Base; path = Base.lproj/Main.storyboard; sourceTree = "<group>"; };
		DE0A049C21216B0C00693022 /* Assets.xcassets */ = {isa = PBXFileReference; lastKnownFileType = folder.assetcatalog; path = Assets.xcassets; sourceTree = "<group>"; };
		DE0A049F21216B0C00693022 /* Base */ = {isa = PBXFileReference; lastKnownFileType = file.storyboard; name = Base; path = Base.lproj/LaunchScreen.storyboard; sourceTree = "<group>"; };
		DE0A04A121216B0C00693022 /* Info.plist */ = {isa = PBXFileReference; lastKnownFileType = text.plist.xml; path = Info.plist; sourceTree = "<group>"; };
		DE0A04A621216B0C00693022 /* SNVIPERTests.xctest */ = {isa = PBXFileReference; explicitFileType = wrapper.cfbundle; includeInIndex = 0; path = SNVIPERTests.xctest; sourceTree = BUILT_PRODUCTS_DIR; };
		DE0A04AA21216B0C00693022 /* SNVIPERTests.swift */ = {isa = PBXFileReference; lastKnownFileType = sourcecode.swift; path = SNVIPERTests.swift; sourceTree = "<group>"; };
		DE0A04AC21216B0C00693022 /* Info.plist */ = {isa = PBXFileReference; lastKnownFileType = text.plist.xml; path = Info.plist; sourceTree = "<group>"; };
		DE0A04B121216B0C00693022 /* SNVIPERUITests.xctest */ = {isa = PBXFileReference; explicitFileType = wrapper.cfbundle; includeInIndex = 0; path = SNVIPERUITests.xctest; sourceTree = BUILT_PRODUCTS_DIR; };
		DE0A04B521216B0C00693022 /* SNVIPERUITests.swift */ = {isa = PBXFileReference; lastKnownFileType = sourcecode.swift; path = SNVIPERUITests.swift; sourceTree = "<group>"; };
		DE0A04B721216B0C00693022 /* Info.plist */ = {isa = PBXFileReference; lastKnownFileType = text.plist.xml; path = Info.plist; sourceTree = "<group>"; };
		DE0A04C521216F9200693022 /* NetworkReachabilityStatusManager.swift */ = {isa = PBXFileReference; fileEncoding = 4; lastKnownFileType = sourcecode.swift; path = NetworkReachabilityStatusManager.swift; sourceTree = "<group>"; };
		DE0A04C621216F9200693022 /* CustomServerTrustPolicyManager.swift */ = {isa = PBXFileReference; fileEncoding = 4; lastKnownFileType = sourcecode.swift; path = CustomServerTrustPolicyManager.swift; sourceTree = "<group>"; };
		DE0A04C721216F9200693022 /* HandleNetworkData.swift */ = {isa = PBXFileReference; fileEncoding = 4; lastKnownFileType = sourcecode.swift; path = HandleNetworkData.swift; sourceTree = "<group>"; };
		DE0A04C821216F9200693022 /* BaseTargetType.swift */ = {isa = PBXFileReference; fileEncoding = 4; lastKnownFileType = sourcecode.swift; path = BaseTargetType.swift; sourceTree = "<group>"; };
		DE0A04C921216F9200693022 /* DataProvider.swift */ = {isa = PBXFileReference; fileEncoding = 4; lastKnownFileType = sourcecode.swift; path = DataProvider.swift; sourceTree = "<group>"; };
		DE0A04CA21216F9200693022 /* CertificateTrustUtil.swift */ = {isa = PBXFileReference; fileEncoding = 4; lastKnownFileType = sourcecode.swift; path = CertificateTrustUtil.swift; sourceTree = "<group>"; };
		DE0A04CB21216F9200693022 /* MoyaProviderExtension.swift */ = {isa = PBXFileReference; fileEncoding = 4; lastKnownFileType = sourcecode.swift; path = MoyaProviderExtension.swift; sourceTree = "<group>"; };
		DE0A04CC21216F9200693022 /* ModelDataProvider.swift */ = {isa = PBXFileReference; fileEncoding = 4; lastKnownFileType = sourcecode.swift; path = ModelDataProvider.swift; sourceTree = "<group>"; };
		DE0A04CE21216F9200693022 /* CacheDataModel.swift */ = {isa = PBXFileReference; fileEncoding = 4; lastKnownFileType = sourcecode.swift; path = CacheDataModel.swift; sourceTree = "<group>"; };
		DE0A04CF21216F9200693022 /* SNURLCache.swift */ = {isa = PBXFileReference; fileEncoding = 4; lastKnownFileType = sourcecode.swift; path = SNURLCache.swift; sourceTree = "<group>"; };
		DE0A04D021216F9200693022 /* SNURLProtocol.swift */ = {isa = PBXFileReference; fileEncoding = 4; lastKnownFileType = sourcecode.swift; path = SNURLProtocol.swift; sourceTree = "<group>"; };
		DE0A04D121216F9200693022 /* CacheStore.swift */ = {isa = PBXFileReference; fileEncoding = 4; lastKnownFileType = sourcecode.swift; path = CacheStore.swift; sourceTree = "<group>"; };
		DE0A04D321216F9200693022 /* TouchUpDelegate.swift */ = {isa = PBXFileReference; fileEncoding = 4; lastKnownFileType = sourcecode.swift; path = TouchUpDelegate.swift; sourceTree = "<group>"; };
		DE0A04D521216F9200693022 /* RowTableViewAdapter.swift */ = {isa = PBXFileReference; fileEncoding = 4; lastKnownFileType = sourcecode.swift; path = RowTableViewAdapter.swift; sourceTree = "<group>"; };
		DE0A04D621216F9200693022 /* SectionTableViewAdapter.swift */ = {isa = PBXFileReference; fileEncoding = 4; lastKnownFileType = sourcecode.swift; path = SectionTableViewAdapter.swift; sourceTree = "<group>"; };
		DE0A04D721216F9200693022 /* BaseTableAdapter.swift */ = {isa = PBXFileReference; fileEncoding = 4; lastKnownFileType = sourcecode.swift; path = BaseTableAdapter.swift; sourceTree = "<group>"; };
		DE0A04D821216F9200693022 /* SectionViewAdapterProtocol.swift */ = {isa = PBXFileReference; fileEncoding = 4; lastKnownFileType = sourcecode.swift; path = SectionViewAdapterProtocol.swift; sourceTree = "<group>"; };
		DE0A04D921216F9200693022 /* BaseAdapter.swift */ = {isa = PBXFileReference; fileEncoding = 4; lastKnownFileType = sourcecode.swift; path = BaseAdapter.swift; sourceTree = "<group>"; };
		DE0A04DB21216F9200693022 /* BaseCollectionAdapter.swift */ = {isa = PBXFileReference; fileEncoding = 4; lastKnownFileType = sourcecode.swift; path = BaseCollectionAdapter.swift; sourceTree = "<group>"; };
		DE0A04DC21216F9200693022 /* SectionCollectionViewAdapter.swift */ = {isa = PBXFileReference; fileEncoding = 4; lastKnownFileType = sourcecode.swift; path = SectionCollectionViewAdapter.swift; sourceTree = "<group>"; };
		DE0A04DD21216F9200693022 /* RowCollectionViewAdapter.swift */ = {isa = PBXFileReference; fileEncoding = 4; lastKnownFileType = sourcecode.swift; path = RowCollectionViewAdapter.swift; sourceTree = "<group>"; };
		DE0A04DE21216F9200693022 /* RowViewAdapterProtocol.swift */ = {isa = PBXFileReference; fileEncoding = 4; lastKnownFileType = sourcecode.swift; path = RowViewAdapterProtocol.swift; sourceTree = "<group>"; };
		DE0A04E021216F9200693022 /* AddViewProtocol.swift */ = {isa = PBXFileReference; fileEncoding = 4; lastKnownFileType = sourcecode.swift; path = AddViewProtocol.swift; sourceTree = "<group>"; };
		DE0A04E121216F9200693022 /* ViewToastProtocol.swift */ = {isa = PBXFileReference; fileEncoding = 4; lastKnownFileType = sourcecode.swift; path = ViewToastProtocol.swift; sourceTree = "<group>"; };
		DE0A04E221216F9200693022 /* BaseViewController.swift */ = {isa = PBXFileReference; fileEncoding = 4; lastKnownFileType = sourcecode.swift; path = BaseViewController.swift; sourceTree = "<group>"; };
		DE0A04E321216F9200693022 /* ViewHUDProtocol.swift */ = {isa = PBXFileReference; fileEncoding = 4; lastKnownFileType = sourcecode.swift; path = ViewHUDProtocol.swift; sourceTree = "<group>"; };
		DE0A04E421216F9200693022 /* EmptyViewProtocol.swift */ = {isa = PBXFileReference; fileEncoding = 4; lastKnownFileType = sourcecode.swift; path = EmptyViewProtocol.swift; sourceTree = "<group>"; };
		DE0A04E621216F9200693022 /* BaseListModel.swift */ = {isa = PBXFileReference; fileEncoding = 4; lastKnownFileType = sourcecode.swift; path = BaseListModel.swift; sourceTree = "<group>"; };
		DE0A04E721216F9200693022 /* HandyJSONModel.swift */ = {isa = PBXFileReference; fileEncoding = 4; lastKnownFileType = sourcecode.swift; path = HandyJSONModel.swift; sourceTree = "<group>"; };
		DE0A04E821216F9200693022 /* BaseModelProtocol.swift */ = {isa = PBXFileReference; fileEncoding = 4; lastKnownFileType = sourcecode.swift; path = BaseModelProtocol.swift; sourceTree = "<group>"; };
		DE0A04EA21216F9200693022 /* RefreshStatusProtocol.swift */ = {isa = PBXFileReference; fileEncoding = 4; lastKnownFileType = sourcecode.swift; path = RefreshStatusProtocol.swift; sourceTree = "<group>"; };
		DE0A04EB21216F9200693022 /* DefaultEmptyView.swift */ = {isa = PBXFileReference; fileEncoding = 4; lastKnownFileType = sourcecode.swift; path = DefaultEmptyView.swift; sourceTree = "<group>"; };
		DE0A04EC21216F9200693022 /* BaseTableViewCell.swift */ = {isa = PBXFileReference; fileEncoding = 4; lastKnownFileType = sourcecode.swift; path = BaseTableViewCell.swift; sourceTree = "<group>"; };
		DE0A04ED21216F9200693022 /* UIBarButtonItemExtentions.swift */ = {isa = PBXFileReference; fileEncoding = 4; lastKnownFileType = sourcecode.swift; path = UIBarButtonItemExtentions.swift; sourceTree = "<group>"; };
		DE0A04EE21216F9200693022 /* BaseCollectionViewCell.swift */ = {isa = PBXFileReference; fileEncoding = 4; lastKnownFileType = sourcecode.swift; path = BaseCollectionViewCell.swift; sourceTree = "<group>"; };
		DE0A04EF21216F9200693022 /* UIScrollView+Refresh.swift */ = {isa = PBXFileReference; fileEncoding = 4; lastKnownFileType = sourcecode.swift; path = "UIScrollView+Refresh.swift"; sourceTree = "<group>"; };
		DE0A04F021216F9200693022 /* UIViewControllerExtension.swift */ = {isa = PBXFileReference; fileEncoding = 4; lastKnownFileType = sourcecode.swift; path = UIViewControllerExtension.swift; sourceTree = "<group>"; };
		DE0A04F121216F9200693022 /* BaseTableViewHeaderFooterView.swift */ = {isa = PBXFileReference; fileEncoding = 4; lastKnownFileType = sourcecode.swift; path = BaseTableViewHeaderFooterView.swift; sourceTree = "<group>"; };
		DE0A04F221216F9200693022 /* GetViewProtocol.swift */ = {isa = PBXFileReference; fileEncoding = 4; lastKnownFileType = sourcecode.swift; path = GetViewProtocol.swift; sourceTree = "<group>"; };
		DE0A04F321216F9200693022 /* BaseCollectionReusableView.swift */ = {isa = PBXFileReference; fileEncoding = 4; lastKnownFileType = sourcecode.swift; path = BaseCollectionReusableView.swift; sourceTree = "<group>"; };
		DE0A04F421216F9200693022 /* UIWindowExtension.swift */ = {isa = PBXFileReference; fileEncoding = 4; lastKnownFileType = sourcecode.swift; path = UIWindowExtension.swift; sourceTree = "<group>"; };
		DE0A04F521216F9200693022 /* UINaViewControllerExtension.swift */ = {isa = PBXFileReference; fileEncoding = 4; lastKnownFileType = sourcecode.swift; path = UINaViewControllerExtension.swift; sourceTree = "<group>"; };
		DE0A04F621216F9200693022 /* UIImageExtension.swift */ = {isa = PBXFileReference; fileEncoding = 4; lastKnownFileType = sourcecode.swift; path = UIImageExtension.swift; sourceTree = "<group>"; };
		DE0A04F721216F9200693022 /* BaseViewProtocol.swift */ = {isa = PBXFileReference; fileEncoding = 4; lastKnownFileType = sourcecode.swift; path = BaseViewProtocol.swift; sourceTree = "<group>"; };
		DE0A04F921216F9200693022 /* InteractorLifeCycleProtocol.swift */ = {isa = PBXFileReference; fileEncoding = 4; lastKnownFileType = sourcecode.swift; path = InteractorLifeCycleProtocol.swift; sourceTree = "<group>"; };
		DE0A04FB21216F9200693022 /* URIPathConverter.swift */ = {isa = PBXFileReference; fileEncoding = 4; lastKnownFileType = sourcecode.swift; path = URIPathConverter.swift; sourceTree = "<group>"; };
		DE0A04FC21216F9200693022 /* Router.swift */ = {isa = PBXFileReference; fileEncoding = 4; lastKnownFileType = sourcecode.swift; path = Router.swift; sourceTree = "<group>"; };
		DE0A04FD21216F9200693022 /* RouterProtocol.swift */ = {isa = PBXFileReference; fileEncoding = 4; lastKnownFileType = sourcecode.swift; path = RouterProtocol.swift; sourceTree = "<group>"; };
		DE0A04FE21216F9200693022 /* RouterPluginProtocol.swift */ = {isa = PBXFileReference; fileEncoding = 4; lastKnownFileType = sourcecode.swift; path = RouterPluginProtocol.swift; sourceTree = "<group>"; };
		DE0A04FF21216F9200693022 /* RouterManager.swift */ = {isa = PBXFileReference; fileEncoding = 4; lastKnownFileType = sourcecode.swift; path = RouterManager.swift; sourceTree = "<group>"; };
		F0793BA5692F74D6BC5B10E4 /* Pods_SNVIPER.framework */ = {isa = PBXFileReference; explicitFileType = wrapper.framework; includeInIndex = 0; path = Pods_SNVIPER.framework; sourceTree = BUILT_PRODUCTS_DIR; };
/* End PBXFileReference section */

/* Begin PBXFrameworksBuildPhase section */
		DE0A048F21216B0B00693022 /* Frameworks */ = {
			isa = PBXFrameworksBuildPhase;
			buildActionMask = 2147483647;
			files = (
				39395A22195C895FC3E5291B /* Pods_SNVIPER.framework in Frameworks */,
			);
			runOnlyForDeploymentPostprocessing = 0;
		};
		DE0A04A321216B0C00693022 /* Frameworks */ = {
			isa = PBXFrameworksBuildPhase;
			buildActionMask = 2147483647;
			files = (
			);
			runOnlyForDeploymentPostprocessing = 0;
		};
		DE0A04AE21216B0C00693022 /* Frameworks */ = {
			isa = PBXFrameworksBuildPhase;
			buildActionMask = 2147483647;
			files = (
			);
			runOnlyForDeploymentPostprocessing = 0;
		};
/* End PBXFrameworksBuildPhase section */

/* Begin PBXGroup section */
		339BBD90B003CE239D6D7F4A /* Frameworks */ = {
			isa = PBXGroup;
			children = (
				F0793BA5692F74D6BC5B10E4 /* Pods_SNVIPER.framework */,
			);
			name = Frameworks;
			sourceTree = "<group>";
		};
		5CC17262A7F1485E9AA8587B /* Pods */ = {
			isa = PBXGroup;
			children = (
				97ABFA3CB6EEACD5243687E2 /* Pods-SNVIPER.debug.xcconfig */,
				290E503ED5590935CA3F2F49 /* Pods-SNVIPER.release.xcconfig */,
			);
			name = Pods;
			sourceTree = "<group>";
		};
		DE0A048921216B0B00693022 = {
			isa = PBXGroup;
			children = (
				DE0A049421216B0B00693022 /* SNVIPER */,
				DE0A04A921216B0C00693022 /* SNVIPERTests */,
				DE0A04B421216B0C00693022 /* SNVIPERUITests */,
				DE0A049321216B0B00693022 /* Products */,
				5CC17262A7F1485E9AA8587B /* Pods */,
				339BBD90B003CE239D6D7F4A /* Frameworks */,
			);
			sourceTree = "<group>";
		};
		DE0A049321216B0B00693022 /* Products */ = {
			isa = PBXGroup;
			children = (
				DE0A049221216B0B00693022 /* SNVIPER.app */,
				DE0A04A621216B0C00693022 /* SNVIPERTests.xctest */,
				DE0A04B121216B0C00693022 /* SNVIPERUITests.xctest */,
			);
			name = Products;
			sourceTree = "<group>";
		};
		DE0A049421216B0B00693022 /* SNVIPER */ = {
			isa = PBXGroup;
			children = (
				DE0A04C321216F9200693022 /* SNVIPER */,
				DE0A049521216B0B00693022 /* AppDelegate.swift */,
				DE0A049721216B0B00693022 /* ViewController.swift */,
				DE0A049921216B0B00693022 /* Main.storyboard */,
				DE0A049C21216B0C00693022 /* Assets.xcassets */,
				DE0A049E21216B0C00693022 /* LaunchScreen.storyboard */,
				DE0A04A121216B0C00693022 /* Info.plist */,
			);
			path = SNVIPER;
			sourceTree = "<group>";
		};
		DE0A04A921216B0C00693022 /* SNVIPERTests */ = {
			isa = PBXGroup;
			children = (
				DE0A04AA21216B0C00693022 /* SNVIPERTests.swift */,
				DE0A04AC21216B0C00693022 /* Info.plist */,
			);
			path = SNVIPERTests;
			sourceTree = "<group>";
		};
		DE0A04B421216B0C00693022 /* SNVIPERUITests */ = {
			isa = PBXGroup;
			children = (
				DE0A04B521216B0C00693022 /* SNVIPERUITests.swift */,
				DE0A04B721216B0C00693022 /* Info.plist */,
			);
			path = SNVIPERUITests;
			sourceTree = "<group>";
		};
		DE0A04C321216F9200693022 /* SNVIPER */ = {
			isa = PBXGroup;
			children = (
				DE0A04C421216F9200693022 /* Moya */,
				DE0A04CD21216F9200693022 /* Cache */,
				DE0A04D221216F9200693022 /* Adapter */,
				DE0A04DF21216F9200693022 /* VC */,
				DE0A04E521216F9200693022 /* Model */,
				DE0A04E921216F9200693022 /* View */,
				DE0A04F821216F9200693022 /* Interactor */,
				DE0A04FA21216F9200693022 /* Router */,
			);
			path = SNVIPER;
			sourceTree = "<group>";
		};
		DE0A04C421216F9200693022 /* Moya */ = {
			isa = PBXGroup;
			children = (
				DE0A04C521216F9200693022 /* NetworkReachabilityStatusManager.swift */,
				DE0A04C621216F9200693022 /* CustomServerTrustPolicyManager.swift */,
				DE0A04C721216F9200693022 /* HandleNetworkData.swift */,
				DE0A04C821216F9200693022 /* BaseTargetType.swift */,
				DE0A04C921216F9200693022 /* DataProvider.swift */,
				DE0A04CA21216F9200693022 /* CertificateTrustUtil.swift */,
				DE0A04CB21216F9200693022 /* MoyaProviderExtension.swift */,
				DE0A04CC21216F9200693022 /* ModelDataProvider.swift */,
			);
			path = Moya;
			sourceTree = "<group>";
		};
		DE0A04CD21216F9200693022 /* Cache */ = {
			isa = PBXGroup;
			children = (
				DE0A04CE21216F9200693022 /* CacheDataModel.swift */,
				DE0A04CF21216F9200693022 /* SNURLCache.swift */,
				DE0A04D021216F9200693022 /* SNURLProtocol.swift */,
				DE0A04D121216F9200693022 /* CacheStore.swift */,
			);
			path = Cache;
			sourceTree = "<group>";
		};
		DE0A04D221216F9200693022 /* Adapter */ = {
			isa = PBXGroup;
			children = (
				DE0A04D321216F9200693022 /* TouchUpDelegate.swift */,
				DE0A04D421216F9200693022 /* TableViewAdapter */,
				DE0A04D821216F9200693022 /* SectionViewAdapterProtocol.swift */,
				DE0A04D921216F9200693022 /* BaseAdapter.swift */,
				DE0A04DA21216F9200693022 /* CollectionViewAdapter */,
				DE0A04DE21216F9200693022 /* RowViewAdapterProtocol.swift */,
			);
			path = Adapter;
			sourceTree = "<group>";
		};
		DE0A04D421216F9200693022 /* TableViewAdapter */ = {
			isa = PBXGroup;
			children = (
				DE0A04D521216F9200693022 /* RowTableViewAdapter.swift */,
				DE0A04D621216F9200693022 /* SectionTableViewAdapter.swift */,
				DE0A04D721216F9200693022 /* BaseTableAdapter.swift */,
			);
			path = TableViewAdapter;
			sourceTree = "<group>";
		};
		DE0A04DA21216F9200693022 /* CollectionViewAdapter */ = {
			isa = PBXGroup;
			children = (
				DE0A04DB21216F9200693022 /* BaseCollectionAdapter.swift */,
				DE0A04DC21216F9200693022 /* SectionCollectionViewAdapter.swift */,
				DE0A04DD21216F9200693022 /* RowCollectionViewAdapter.swift */,
			);
			path = CollectionViewAdapter;
			sourceTree = "<group>";
		};
		DE0A04DF21216F9200693022 /* VC */ = {
			isa = PBXGroup;
			children = (
				DE0A04E021216F9200693022 /* AddViewProtocol.swift */,
				DE0A04E121216F9200693022 /* ViewToastProtocol.swift */,
				DE0A04E221216F9200693022 /* BaseViewController.swift */,
				DE0A04E321216F9200693022 /* ViewHUDProtocol.swift */,
				DE0A04E421216F9200693022 /* EmptyViewProtocol.swift */,
			);
			path = VC;
			sourceTree = "<group>";
		};
		DE0A04E521216F9200693022 /* Model */ = {
			isa = PBXGroup;
			children = (
				DE0A04E621216F9200693022 /* BaseListModel.swift */,
				DE0A04E721216F9200693022 /* HandyJSONModel.swift */,
				DE0A04E821216F9200693022 /* BaseModelProtocol.swift */,
			);
			path = Model;
			sourceTree = "<group>";
		};
		DE0A04E921216F9200693022 /* View */ = {
			isa = PBXGroup;
			children = (
				DE0A04EA21216F9200693022 /* RefreshStatusProtocol.swift */,
				DE0A04EB21216F9200693022 /* DefaultEmptyView.swift */,
				DE0A04EC21216F9200693022 /* BaseTableViewCell.swift */,
				DE0A04ED21216F9200693022 /* UIBarButtonItemExtentions.swift */,
				DE0A04EE21216F9200693022 /* BaseCollectionViewCell.swift */,
				DE0A04EF21216F9200693022 /* UIScrollView+Refresh.swift */,
				DE0A04F021216F9200693022 /* UIViewControllerExtension.swift */,
				DE0A04F121216F9200693022 /* BaseTableViewHeaderFooterView.swift */,
				DE0A04F221216F9200693022 /* GetViewProtocol.swift */,
				DE0A04F321216F9200693022 /* BaseCollectionReusableView.swift */,
				DE0A04F421216F9200693022 /* UIWindowExtension.swift */,
				DE0A04F521216F9200693022 /* UINaViewControllerExtension.swift */,
				DE0A04F621216F9200693022 /* UIImageExtension.swift */,
				DE0A04F721216F9200693022 /* BaseViewProtocol.swift */,
			);
			path = View;
			sourceTree = "<group>";
		};
		DE0A04F821216F9200693022 /* Interactor */ = {
			isa = PBXGroup;
			children = (
				DE0A04F921216F9200693022 /* InteractorLifeCycleProtocol.swift */,
			);
			path = Interactor;
			sourceTree = "<group>";
		};
		DE0A04FA21216F9200693022 /* Router */ = {
			isa = PBXGroup;
			children = (
				4FF4D37A21E8681C0068F919 /* NavigationController.swift */,
				DE0A04FB21216F9200693022 /* URIPathConverter.swift */,
				DE0A04FC21216F9200693022 /* Router.swift */,
				DE0A04FD21216F9200693022 /* RouterProtocol.swift */,
				DE0A04FE21216F9200693022 /* RouterPluginProtocol.swift */,
				DE0A04FF21216F9200693022 /* RouterManager.swift */,
			);
			path = Router;
			sourceTree = "<group>";
		};
/* End PBXGroup section */

/* Begin PBXNativeTarget section */
		DE0A049121216B0B00693022 /* SNVIPER */ = {
			isa = PBXNativeTarget;
			buildConfigurationList = DE0A04BA21216B0C00693022 /* Build configuration list for PBXNativeTarget "SNVIPER" */;
			buildPhases = (
				912E3241D77C56DE2E6AA9ED /* [CP] Check Pods Manifest.lock */,
				DE0A048E21216B0B00693022 /* Sources */,
				DE0A048F21216B0B00693022 /* Frameworks */,
				DE0A049021216B0B00693022 /* Resources */,
				A0C3670C29B51607736DDF6F /* [CP] Embed Pods Frameworks */,
			);
			buildRules = (
			);
			dependencies = (
			);
			name = SNVIPER;
			productName = SNVIPER;
			productReference = DE0A049221216B0B00693022 /* SNVIPER.app */;
			productType = "com.apple.product-type.application";
		};
		DE0A04A521216B0C00693022 /* SNVIPERTests */ = {
			isa = PBXNativeTarget;
			buildConfigurationList = DE0A04BD21216B0C00693022 /* Build configuration list for PBXNativeTarget "SNVIPERTests" */;
			buildPhases = (
				DE0A04A221216B0C00693022 /* Sources */,
				DE0A04A321216B0C00693022 /* Frameworks */,
				DE0A04A421216B0C00693022 /* Resources */,
			);
			buildRules = (
			);
			dependencies = (
				DE0A04A821216B0C00693022 /* PBXTargetDependency */,
			);
			name = SNVIPERTests;
			productName = SNVIPERTests;
			productReference = DE0A04A621216B0C00693022 /* SNVIPERTests.xctest */;
			productType = "com.apple.product-type.bundle.unit-test";
		};
		DE0A04B021216B0C00693022 /* SNVIPERUITests */ = {
			isa = PBXNativeTarget;
			buildConfigurationList = DE0A04C021216B0C00693022 /* Build configuration list for PBXNativeTarget "SNVIPERUITests" */;
			buildPhases = (
				DE0A04AD21216B0C00693022 /* Sources */,
				DE0A04AE21216B0C00693022 /* Frameworks */,
				DE0A04AF21216B0C00693022 /* Resources */,
			);
			buildRules = (
			);
			dependencies = (
				DE0A04B321216B0C00693022 /* PBXTargetDependency */,
			);
			name = SNVIPERUITests;
			productName = SNVIPERUITests;
			productReference = DE0A04B121216B0C00693022 /* SNVIPERUITests.xctest */;
			productType = "com.apple.product-type.bundle.ui-testing";
		};
/* End PBXNativeTarget section */

/* Begin PBXProject section */
		DE0A048A21216B0B00693022 /* Project object */ = {
			isa = PBXProject;
			attributes = {
				LastSwiftUpdateCheck = 0940;
				LastUpgradeCheck = 0940;
				ORGANIZATIONNAME = zsf;
				TargetAttributes = {
					DE0A049121216B0B00693022 = {
						CreatedOnToolsVersion = 9.4.1;
						LastSwiftMigration = 1010;
					};
					DE0A04A521216B0C00693022 = {
						CreatedOnToolsVersion = 9.4.1;
						LastSwiftMigration = 1010;
						TestTargetID = DE0A049121216B0B00693022;
					};
					DE0A04B021216B0C00693022 = {
						CreatedOnToolsVersion = 9.4.1;
						LastSwiftMigration = 1010;
						TestTargetID = DE0A049121216B0B00693022;
					};
				};
			};
			buildConfigurationList = DE0A048D21216B0B00693022 /* Build configuration list for PBXProject "SNVIPER" */;
			compatibilityVersion = "Xcode 9.3";
			developmentRegion = en;
			hasScannedForEncodings = 0;
			knownRegions = (
				en,
				Base,
			);
			mainGroup = DE0A048921216B0B00693022;
			productRefGroup = DE0A049321216B0B00693022 /* Products */;
			projectDirPath = "";
			projectRoot = "";
			targets = (
				DE0A049121216B0B00693022 /* SNVIPER */,
				DE0A04A521216B0C00693022 /* SNVIPERTests */,
				DE0A04B021216B0C00693022 /* SNVIPERUITests */,
			);
		};
/* End PBXProject section */

/* Begin PBXResourcesBuildPhase section */
		DE0A049021216B0B00693022 /* Resources */ = {
			isa = PBXResourcesBuildPhase;
			buildActionMask = 2147483647;
			files = (
				DE0A04A021216B0C00693022 /* LaunchScreen.storyboard in Resources */,
				DE0A049D21216B0C00693022 /* Assets.xcassets in Resources */,
				DE0A049B21216B0B00693022 /* Main.storyboard in Resources */,
			);
			runOnlyForDeploymentPostprocessing = 0;
		};
		DE0A04A421216B0C00693022 /* Resources */ = {
			isa = PBXResourcesBuildPhase;
			buildActionMask = 2147483647;
			files = (
			);
			runOnlyForDeploymentPostprocessing = 0;
		};
		DE0A04AF21216B0C00693022 /* Resources */ = {
			isa = PBXResourcesBuildPhase;
			buildActionMask = 2147483647;
			files = (
			);
			runOnlyForDeploymentPostprocessing = 0;
		};
/* End PBXResourcesBuildPhase section */

/* Begin PBXShellScriptBuildPhase section */
		912E3241D77C56DE2E6AA9ED /* [CP] Check Pods Manifest.lock */ = {
			isa = PBXShellScriptBuildPhase;
			buildActionMask = 2147483647;
			files = (
			);
			inputPaths = (
				"${PODS_PODFILE_DIR_PATH}/Podfile.lock",
				"${PODS_ROOT}/Manifest.lock",
			);
			name = "[CP] Check Pods Manifest.lock";
			outputPaths = (
				"$(DERIVED_FILE_DIR)/Pods-SNVIPER-checkManifestLockResult.txt",
			);
			runOnlyForDeploymentPostprocessing = 0;
			shellPath = /bin/sh;
			shellScript = "diff \"${PODS_PODFILE_DIR_PATH}/Podfile.lock\" \"${PODS_ROOT}/Manifest.lock\" > /dev/null\nif [ $? != 0 ] ; then\n    # print error to STDERR\n    echo \"error: The sandbox is not in sync with the Podfile.lock. Run 'pod install' or update your CocoaPods installation.\" >&2\n    exit 1\nfi\n# This output is used by Xcode 'outputs' to avoid re-running this script phase.\necho \"SUCCESS\" > \"${SCRIPT_OUTPUT_FILE_0}\"\n";
			showEnvVarsInLog = 0;
		};
		A0C3670C29B51607736DDF6F /* [CP] Embed Pods Frameworks */ = {
			isa = PBXShellScriptBuildPhase;
			buildActionMask = 2147483647;
			files = (
			);
			inputPaths = (
				"${SRCROOT}/Pods/Target Support Files/Pods-SNVIPER/Pods-SNVIPER-frameworks.sh",
				"${BUILT_PRODUCTS_DIR}/Alamofire/Alamofire.framework",
				"${BUILT_PRODUCTS_DIR}/FCUUID/FCUUID.framework",
				"${BUILT_PRODUCTS_DIR}/HandyJSON/HandyJSON.framework",
				"${BUILT_PRODUCTS_DIR}/MJRefresh/MJRefresh.framework",
				"${BUILT_PRODUCTS_DIR}/Moya/Moya.framework",
				"${BUILT_PRODUCTS_DIR}/Result/Result.framework",
				"${BUILT_PRODUCTS_DIR}/Reusable/Reusable.framework",
				"${BUILT_PRODUCTS_DIR}/SNExtensions/SNExtensions.framework",
				"${BUILT_PRODUCTS_DIR}/Toast-Swift/Toast_Swift.framework",
				"${BUILT_PRODUCTS_DIR}/UICKeyChainStore/UICKeyChainStore.framework",
				"${BUILT_PRODUCTS_DIR}/UITableView+FDTemplateLayoutCell/UITableView_FDTemplateLayoutCell.framework",
				"${BUILT_PRODUCTS_DIR}/YYCache/YYCache.framework",
			);
			name = "[CP] Embed Pods Frameworks";
			outputPaths = (
				"${TARGET_BUILD_DIR}/${FRAMEWORKS_FOLDER_PATH}/Alamofire.framework",
				"${TARGET_BUILD_DIR}/${FRAMEWORKS_FOLDER_PATH}/FCUUID.framework",
				"${TARGET_BUILD_DIR}/${FRAMEWORKS_FOLDER_PATH}/HandyJSON.framework",
				"${TARGET_BUILD_DIR}/${FRAMEWORKS_FOLDER_PATH}/MJRefresh.framework",
				"${TARGET_BUILD_DIR}/${FRAMEWORKS_FOLDER_PATH}/Moya.framework",
				"${TARGET_BUILD_DIR}/${FRAMEWORKS_FOLDER_PATH}/Result.framework",
				"${TARGET_BUILD_DIR}/${FRAMEWORKS_FOLDER_PATH}/Reusable.framework",
				"${TARGET_BUILD_DIR}/${FRAMEWORKS_FOLDER_PATH}/SNExtensions.framework",
				"${TARGET_BUILD_DIR}/${FRAMEWORKS_FOLDER_PATH}/Toast_Swift.framework",
				"${TARGET_BUILD_DIR}/${FRAMEWORKS_FOLDER_PATH}/UICKeyChainStore.framework",
				"${TARGET_BUILD_DIR}/${FRAMEWORKS_FOLDER_PATH}/UITableView_FDTemplateLayoutCell.framework",
				"${TARGET_BUILD_DIR}/${FRAMEWORKS_FOLDER_PATH}/YYCache.framework",
			);
			runOnlyForDeploymentPostprocessing = 0;
			shellPath = /bin/sh;
			shellScript = "\"${SRCROOT}/Pods/Target Support Files/Pods-SNVIPER/Pods-SNVIPER-frameworks.sh\"\n";
			showEnvVarsInLog = 0;
		};
/* End PBXShellScriptBuildPhase section */

/* Begin PBXSourcesBuildPhase section */
		DE0A048E21216B0B00693022 /* Sources */ = {
			isa = PBXSourcesBuildPhase;
			buildActionMask = 2147483647;
			files = (
				DE0A051A21216F9200693022 /* EmptyViewProtocol.swift in Sources */,
				DE0A050D21216F9200693022 /* RowTableViewAdapter.swift in Sources */,
				DE0A052721216F9200693022 /* BaseCollectionReusableView.swift in Sources */,
				DE0A050521216F9200693022 /* CertificateTrustUtil.swift in Sources */,
				DE0A051921216F9200693022 /* ViewHUDProtocol.swift in Sources */,
				DE0A051E21216F9200693022 /* RefreshStatusProtocol.swift in Sources */,
				DE0A052D21216F9200693022 /* URIPathConverter.swift in Sources */,
				DE0A050A21216F9200693022 /* SNURLProtocol.swift in Sources */,
				DE0A049821216B0B00693022 /* ViewController.swift in Sources */,
				DE0A050021216F9200693022 /* NetworkReachabilityStatusManager.swift in Sources */,
				DE0A051C21216F9200693022 /* HandyJSONModel.swift in Sources */,
				DE0A051821216F9200693022 /* BaseViewController.swift in Sources */,
				DE0A050F21216F9200693022 /* BaseTableAdapter.swift in Sources */,
				DE0A051621216F9200693022 /* AddViewProtocol.swift in Sources */,
				DE0A051221216F9200693022 /* BaseCollectionAdapter.swift in Sources */,
				DE0A050121216F9200693022 /* CustomServerTrustPolicyManager.swift in Sources */,
				DE0A050421216F9200693022 /* DataProvider.swift in Sources */,
				DE0A052C21216F9200693022 /* InteractorLifeCycleProtocol.swift in Sources */,
				DE0A052521216F9200693022 /* BaseTableViewHeaderFooterView.swift in Sources */,
				DE0A053021216F9200693022 /* RouterPluginProtocol.swift in Sources */,
				DE0A049621216B0B00693022 /* AppDelegate.swift in Sources */,
				DE0A050721216F9200693022 /* ModelDataProvider.swift in Sources */,
				DE0A052121216F9200693022 /* UIBarButtonItemExtentions.swift in Sources */,
				DE0A052621216F9200693022 /* GetViewProtocol.swift in Sources */,
				DE0A051D21216F9200693022 /* BaseModelProtocol.swift in Sources */,
				DE0A052021216F9200693022 /* BaseTableViewCell.swift in Sources */,
				4FF4D37B21E8681C0068F919 /* NavigationController.swift in Sources */,
				DE0A052A21216F9200693022 /* UIImageExtension.swift in Sources */,
				DE0A052221216F9200693022 /* BaseCollectionViewCell.swift in Sources */,
				DE0A050921216F9200693022 /* SNURLCache.swift in Sources */,
				DE0A052821216F9200693022 /* UIWindowExtension.swift in Sources */,
				DE0A053121216F9200693022 /* RouterManager.swift in Sources */,
				DE0A051321216F9200693022 /* SectionCollectionViewAdapter.swift in Sources */,
				DE0A051521216F9200693022 /* RowViewAdapterProtocol.swift in Sources */,
				DE0A050621216F9200693022 /* MoyaProviderExtension.swift in Sources */,
				DE0A052F21216F9200693022 /* RouterProtocol.swift in Sources */,
				DE0A051721216F9200693022 /* ViewToastProtocol.swift in Sources */,
				DE0A051021216F9200693022 /* SectionViewAdapterProtocol.swift in Sources */,
				DE0A052921216F9200693022 /* UINaViewControllerExtension.swift in Sources */,
				DE0A050E21216F9200693022 /* SectionTableViewAdapter.swift in Sources */,
				DE0A051421216F9200693022 /* RowCollectionViewAdapter.swift in Sources */,
				DE0A050821216F9200693022 /* CacheDataModel.swift in Sources */,
				DE0A052E21216F9200693022 /* Router.swift in Sources */,
				DE0A050221216F9200693022 /* HandleNetworkData.swift in Sources */,
				DE0A051F21216F9200693022 /* DefaultEmptyView.swift in Sources */,
				DE0A051121216F9200693022 /* BaseAdapter.swift in Sources */,
				DE0A052321216F9200693022 /* UIScrollView+Refresh.swift in Sources */,
				DE0A050B21216F9200693022 /* CacheStore.swift in Sources */,
				DE0A052B21216F9200693022 /* BaseViewProtocol.swift in Sources */,
				DE0A052421216F9200693022 /* UIViewControllerExtension.swift in Sources */,
				DE0A050321216F9200693022 /* BaseTargetType.swift in Sources */,
				DE0A051B21216F9200693022 /* BaseListModel.swift in Sources */,
				DE0A050C21216F9200693022 /* TouchUpDelegate.swift in Sources */,
			);
			runOnlyForDeploymentPostprocessing = 0;
		};
		DE0A04A221216B0C00693022 /* Sources */ = {
			isa = PBXSourcesBuildPhase;
			buildActionMask = 2147483647;
			files = (
				DE0A04AB21216B0C00693022 /* SNVIPERTests.swift in Sources */,
			);
			runOnlyForDeploymentPostprocessing = 0;
		};
		DE0A04AD21216B0C00693022 /* Sources */ = {
			isa = PBXSourcesBuildPhase;
			buildActionMask = 2147483647;
			files = (
				DE0A04B621216B0C00693022 /* SNVIPERUITests.swift in Sources */,
			);
			runOnlyForDeploymentPostprocessing = 0;
		};
/* End PBXSourcesBuildPhase section */

/* Begin PBXTargetDependency section */
		DE0A04A821216B0C00693022 /* PBXTargetDependency */ = {
			isa = PBXTargetDependency;
			target = DE0A049121216B0B00693022 /* SNVIPER */;
			targetProxy = DE0A04A721216B0C00693022 /* PBXContainerItemProxy */;
		};
		DE0A04B321216B0C00693022 /* PBXTargetDependency */ = {
			isa = PBXTargetDependency;
			target = DE0A049121216B0B00693022 /* SNVIPER */;
			targetProxy = DE0A04B221216B0C00693022 /* PBXContainerItemProxy */;
		};
/* End PBXTargetDependency section */

/* Begin PBXVariantGroup section */
		DE0A049921216B0B00693022 /* Main.storyboard */ = {
			isa = PBXVariantGroup;
			children = (
				DE0A049A21216B0B00693022 /* Base */,
			);
			name = Main.storyboard;
			sourceTree = "<group>";
		};
		DE0A049E21216B0C00693022 /* LaunchScreen.storyboard */ = {
			isa = PBXVariantGroup;
			children = (
				DE0A049F21216B0C00693022 /* Base */,
			);
			name = LaunchScreen.storyboard;
			sourceTree = "<group>";
		};
/* End PBXVariantGroup section */

/* Begin XCBuildConfiguration section */
		DE0A04B821216B0C00693022 /* Debug */ = {
			isa = XCBuildConfiguration;
			buildSettings = {
				ALWAYS_SEARCH_USER_PATHS = NO;
				CLANG_ANALYZER_NONNULL = YES;
				CLANG_ANALYZER_NUMBER_OBJECT_CONVERSION = YES_AGGRESSIVE;
				CLANG_CXX_LANGUAGE_STANDARD = "gnu++14";
				CLANG_CXX_LIBRARY = "libc++";
				CLANG_ENABLE_MODULES = YES;
				CLANG_ENABLE_OBJC_ARC = YES;
				CLANG_ENABLE_OBJC_WEAK = YES;
				CLANG_WARN_BLOCK_CAPTURE_AUTORELEASING = YES;
				CLANG_WARN_BOOL_CONVERSION = YES;
				CLANG_WARN_COMMA = YES;
				CLANG_WARN_CONSTANT_CONVERSION = YES;
				CLANG_WARN_DEPRECATED_OBJC_IMPLEMENTATIONS = YES;
				CLANG_WARN_DIRECT_OBJC_ISA_USAGE = YES_ERROR;
				CLANG_WARN_DOCUMENTATION_COMMENTS = YES;
				CLANG_WARN_EMPTY_BODY = YES;
				CLANG_WARN_ENUM_CONVERSION = YES;
				CLANG_WARN_INFINITE_RECURSION = YES;
				CLANG_WARN_INT_CONVERSION = YES;
				CLANG_WARN_NON_LITERAL_NULL_CONVERSION = YES;
				CLANG_WARN_OBJC_IMPLICIT_RETAIN_SELF = YES;
				CLANG_WARN_OBJC_LITERAL_CONVERSION = YES;
				CLANG_WARN_OBJC_ROOT_CLASS = YES_ERROR;
				CLANG_WARN_RANGE_LOOP_ANALYSIS = YES;
				CLANG_WARN_STRICT_PROTOTYPES = YES;
				CLANG_WARN_SUSPICIOUS_MOVE = YES;
				CLANG_WARN_UNGUARDED_AVAILABILITY = YES_AGGRESSIVE;
				CLANG_WARN_UNREACHABLE_CODE = YES;
				CLANG_WARN__DUPLICATE_METHOD_MATCH = YES;
				CODE_SIGN_IDENTITY = "iPhone Developer";
				COPY_PHASE_STRIP = NO;
				DEBUG_INFORMATION_FORMAT = dwarf;
				ENABLE_STRICT_OBJC_MSGSEND = YES;
				ENABLE_TESTABILITY = YES;
				GCC_C_LANGUAGE_STANDARD = gnu11;
				GCC_DYNAMIC_NO_PIC = NO;
				GCC_NO_COMMON_BLOCKS = YES;
				GCC_OPTIMIZATION_LEVEL = 0;
				GCC_PREPROCESSOR_DEFINITIONS = (
					"DEBUG=1",
					"$(inherited)",
				);
				GCC_WARN_64_TO_32_BIT_CONVERSION = YES;
				GCC_WARN_ABOUT_RETURN_TYPE = YES_ERROR;
				GCC_WARN_UNDECLARED_SELECTOR = YES;
				GCC_WARN_UNINITIALIZED_AUTOS = YES_AGGRESSIVE;
				GCC_WARN_UNUSED_FUNCTION = YES;
				GCC_WARN_UNUSED_VARIABLE = YES;
				IPHONEOS_DEPLOYMENT_TARGET = 11.4;
				MTL_ENABLE_DEBUG_INFO = YES;
				ONLY_ACTIVE_ARCH = YES;
				SDKROOT = iphoneos;
				SWIFT_ACTIVE_COMPILATION_CONDITIONS = DEBUG;
				SWIFT_OPTIMIZATION_LEVEL = "-Onone";
			};
			name = Debug;
		};
		DE0A04B921216B0C00693022 /* Release */ = {
			isa = XCBuildConfiguration;
			buildSettings = {
				ALWAYS_SEARCH_USER_PATHS = NO;
				CLANG_ANALYZER_NONNULL = YES;
				CLANG_ANALYZER_NUMBER_OBJECT_CONVERSION = YES_AGGRESSIVE;
				CLANG_CXX_LANGUAGE_STANDARD = "gnu++14";
				CLANG_CXX_LIBRARY = "libc++";
				CLANG_ENABLE_MODULES = YES;
				CLANG_ENABLE_OBJC_ARC = YES;
				CLANG_ENABLE_OBJC_WEAK = YES;
				CLANG_WARN_BLOCK_CAPTURE_AUTORELEASING = YES;
				CLANG_WARN_BOOL_CONVERSION = YES;
				CLANG_WARN_COMMA = YES;
				CLANG_WARN_CONSTANT_CONVERSION = YES;
				CLANG_WARN_DEPRECATED_OBJC_IMPLEMENTATIONS = YES;
				CLANG_WARN_DIRECT_OBJC_ISA_USAGE = YES_ERROR;
				CLANG_WARN_DOCUMENTATION_COMMENTS = YES;
				CLANG_WARN_EMPTY_BODY = YES;
				CLANG_WARN_ENUM_CONVERSION = YES;
				CLANG_WARN_INFINITE_RECURSION = YES;
				CLANG_WARN_INT_CONVERSION = YES;
				CLANG_WARN_NON_LITERAL_NULL_CONVERSION = YES;
				CLANG_WARN_OBJC_IMPLICIT_RETAIN_SELF = YES;
				CLANG_WARN_OBJC_LITERAL_CONVERSION = YES;
				CLANG_WARN_OBJC_ROOT_CLASS = YES_ERROR;
				CLANG_WARN_RANGE_LOOP_ANALYSIS = YES;
				CLANG_WARN_STRICT_PROTOTYPES = YES;
				CLANG_WARN_SUSPICIOUS_MOVE = YES;
				CLANG_WARN_UNGUARDED_AVAILABILITY = YES_AGGRESSIVE;
				CLANG_WARN_UNREACHABLE_CODE = YES;
				CLANG_WARN__DUPLICATE_METHOD_MATCH = YES;
				CODE_SIGN_IDENTITY = "iPhone Developer";
				COPY_PHASE_STRIP = NO;
				DEBUG_INFORMATION_FORMAT = "dwarf-with-dsym";
				ENABLE_NS_ASSERTIONS = NO;
				ENABLE_STRICT_OBJC_MSGSEND = YES;
				GCC_C_LANGUAGE_STANDARD = gnu11;
				GCC_NO_COMMON_BLOCKS = YES;
				GCC_WARN_64_TO_32_BIT_CONVERSION = YES;
				GCC_WARN_ABOUT_RETURN_TYPE = YES_ERROR;
				GCC_WARN_UNDECLARED_SELECTOR = YES;
				GCC_WARN_UNINITIALIZED_AUTOS = YES_AGGRESSIVE;
				GCC_WARN_UNUSED_FUNCTION = YES;
				GCC_WARN_UNUSED_VARIABLE = YES;
				IPHONEOS_DEPLOYMENT_TARGET = 11.4;
				MTL_ENABLE_DEBUG_INFO = NO;
				SDKROOT = iphoneos;
				SWIFT_COMPILATION_MODE = wholemodule;
				SWIFT_OPTIMIZATION_LEVEL = "-O";
				VALIDATE_PRODUCT = YES;
			};
			name = Release;
		};
		DE0A04BB21216B0C00693022 /* Debug */ = {
			isa = XCBuildConfiguration;
			baseConfigurationReference = 97ABFA3CB6EEACD5243687E2 /* Pods-SNVIPER.debug.xcconfig */;
			buildSettings = {
				ASSETCATALOG_COMPILER_APPICON_NAME = AppIcon;
				CODE_SIGN_STYLE = Automatic;
				INFOPLIST_FILE = SNVIPER/Info.plist;
				LD_RUNPATH_SEARCH_PATHS = (
					"$(inherited)",
					"@executable_path/Frameworks",
				);
				PRODUCT_BUNDLE_IDENTIFIER = com.SNVIPER;
				PRODUCT_NAME = "$(TARGET_NAME)";
				SWIFT_VERSION = 5.0;
				TARGETED_DEVICE_FAMILY = "1,2";
			};
			name = Debug;
		};
		DE0A04BC21216B0C00693022 /* Release */ = {
			isa = XCBuildConfiguration;
			baseConfigurationReference = 290E503ED5590935CA3F2F49 /* Pods-SNVIPER.release.xcconfig */;
			buildSettings = {
				ASSETCATALOG_COMPILER_APPICON_NAME = AppIcon;
				CODE_SIGN_STYLE = Automatic;
				INFOPLIST_FILE = SNVIPER/Info.plist;
				LD_RUNPATH_SEARCH_PATHS = (
					"$(inherited)",
					"@executable_path/Frameworks",
				);
				PRODUCT_BUNDLE_IDENTIFIER = com.SNVIPER;
				PRODUCT_NAME = "$(TARGET_NAME)";
				SWIFT_VERSION = 5.0;
				TARGETED_DEVICE_FAMILY = "1,2";
			};
			name = Release;
		};
		DE0A04BE21216B0C00693022 /* Debug */ = {
			isa = XCBuildConfiguration;
			buildSettings = {
				ALWAYS_EMBED_SWIFT_STANDARD_LIBRARIES = YES;
				BUNDLE_LOADER = "$(TEST_HOST)";
				CODE_SIGN_STYLE = Automatic;
				INFOPLIST_FILE = SNVIPERTests/Info.plist;
				LD_RUNPATH_SEARCH_PATHS = (
					"$(inherited)",
					"@executable_path/Frameworks",
					"@loader_path/Frameworks",
				);
				PRODUCT_BUNDLE_IDENTIFIER = com.SNVIPERTests;
				PRODUCT_NAME = "$(TARGET_NAME)";
				SWIFT_VERSION = 4.2;
				TARGETED_DEVICE_FAMILY = "1,2";
				TEST_HOST = "$(BUILT_PRODUCTS_DIR)/SNVIPER.app/SNVIPER";
			};
			name = Debug;
		};
		DE0A04BF21216B0C00693022 /* Release */ = {
			isa = XCBuildConfiguration;
			buildSettings = {
				ALWAYS_EMBED_SWIFT_STANDARD_LIBRARIES = YES;
				BUNDLE_LOADER = "$(TEST_HOST)";
				CODE_SIGN_STYLE = Automatic;
				INFOPLIST_FILE = SNVIPERTests/Info.plist;
				LD_RUNPATH_SEARCH_PATHS = (
					"$(inherited)",
					"@executable_path/Frameworks",
					"@loader_path/Frameworks",
				);
				PRODUCT_BUNDLE_IDENTIFIER = com.SNVIPERTests;
				PRODUCT_NAME = "$(TARGET_NAME)";
				SWIFT_VERSION = 4.2;
				TARGETED_DEVICE_FAMILY = "1,2";
				TEST_HOST = "$(BUILT_PRODUCTS_DIR)/SNVIPER.app/SNVIPER";
			};
			name = Release;
		};
		DE0A04C121216B0C00693022 /* Debug */ = {
			isa = XCBuildConfiguration;
			buildSettings = {
				ALWAYS_EMBED_SWIFT_STANDARD_LIBRARIES = YES;
				CODE_SIGN_STYLE = Automatic;
				INFOPLIST_FILE = SNVIPERUITests/Info.plist;
				LD_RUNPATH_SEARCH_PATHS = (
					"$(inherited)",
					"@executable_path/Frameworks",
					"@loader_path/Frameworks",
				);
				PRODUCT_BUNDLE_IDENTIFIER = com.SNVIPERUITests;
				PRODUCT_NAME = "$(TARGET_NAME)";
				SWIFT_VERSION = 4.2;
				TARGETED_DEVICE_FAMILY = "1,2";
				TEST_TARGET_NAME = SNVIPER;
			};
			name = Debug;
		};
		DE0A04C221216B0C00693022 /* Release */ = {
			isa = XCBuildConfiguration;
			buildSettings = {
				ALWAYS_EMBED_SWIFT_STANDARD_LIBRARIES = YES;
				CODE_SIGN_STYLE = Automatic;
				INFOPLIST_FILE = SNVIPERUITests/Info.plist;
				LD_RUNPATH_SEARCH_PATHS = (
					"$(inherited)",
					"@executable_path/Frameworks",
					"@loader_path/Frameworks",
				);
				PRODUCT_BUNDLE_IDENTIFIER = com.SNVIPERUITests;
				PRODUCT_NAME = "$(TARGET_NAME)";
				SWIFT_VERSION = 4.2;
				TARGETED_DEVICE_FAMILY = "1,2";
				TEST_TARGET_NAME = SNVIPER;
			};
			name = Release;
		};
/* End XCBuildConfiguration section */

/* Begin XCConfigurationList section */
		DE0A048D21216B0B00693022 /* Build configuration list for PBXProject "SNVIPER" */ = {
			isa = XCConfigurationList;
			buildConfigurations = (
				DE0A04B821216B0C00693022 /* Debug */,
				DE0A04B921216B0C00693022 /* Release */,
			);
			defaultConfigurationIsVisible = 0;
			defaultConfigurationName = Release;
		};
		DE0A04BA21216B0C00693022 /* Build configuration list for PBXNativeTarget "SNVIPER" */ = {
			isa = XCConfigurationList;
			buildConfigurations = (
				DE0A04BB21216B0C00693022 /* Debug */,
				DE0A04BC21216B0C00693022 /* Release */,
			);
			defaultConfigurationIsVisible = 0;
			defaultConfigurationName = Release;
		};
		DE0A04BD21216B0C00693022 /* Build configuration list for PBXNativeTarget "SNVIPERTests" */ = {
			isa = XCConfigurationList;
			buildConfigurations = (
				DE0A04BE21216B0C00693022 /* Debug */,
				DE0A04BF21216B0C00693022 /* Release */,
			);
			defaultConfigurationIsVisible = 0;
			defaultConfigurationName = Release;
		};
		DE0A04C021216B0C00693022 /* Build configuration list for PBXNativeTarget "SNVIPERUITests" */ = {
			isa = XCConfigurationList;
			buildConfigurations = (
				DE0A04C121216B0C00693022 /* Debug */,
				DE0A04C221216B0C00693022 /* Release */,
			);
			defaultConfigurationIsVisible = 0;
			defaultConfigurationName = Release;
		};
/* End XCConfigurationList section */
	};
	rootObject = DE0A048A21216B0B00693022 /* Project object */;
}
