PODS:
  - Alamofire (4.8.2)
  - HandyJSON (5.0.0)
  - MJRefresh (3.2.0)
  - Moya (13.0.1):
    - Moya/Core (= 13.0.1)
  - Moya/Core (13.0.1):
    - Alamofire (~> 4.1)
    - Result (~> 4.1)
  - Result (4.1.0)
  - Reusable (4.1.0):
    - Reusable/Storyboard (= 4.1.0)
    - Reusable/View (= 4.1.0)
  - Reusable/Storyboard (4.1.0)
  - Reusable/View (4.1.0)
  - SNExtensions (1.1.4)
  - Toast-Swift (5.0.0)
  - "UITableView+FDTemplateLayoutCell (1.6)"
  - YYCache (1.0.4)

DEPENDENCIES:
  - HandyJSON
  - MJRefresh
  - Moya
  - Reusable
  - SNExtensions
  - Toast-Swift
  - "UITableView+FDTemplateLayoutCell"
  - YYCache

SPEC REPOS:
  https://github.com/cocoapods/specs.git:
    - Alamofire
    - HandyJSON
    - MJRefresh
    - Moya
    - Result
    - Reusable
    - SNExtensions
    - Toast-Swift
    - "UITableView+FDTemplateLayoutCell"
    - YYCache

SPEC CHECKSUMS:
  Alamofire: ae5c501addb7afdbb13687d7f2f722c78734c2d3
  HandyJSON: 992f2d661716d6a91de82d0056927bc7813b5770
  MJRefresh: ed450d6eb9d3346a2cb033ab7eb6de090aeef437
  Moya: f4a4b80ff2f8a4ffc208dfb31cd91636622fee6e
  Result: bd966fac789cc6c1563440b348ab2598cc24d5c7
  Reusable: 82be188f29d96dc5eff0db7b2393bcc08d2cdd5b
  SNExtensions: edbb72495eda109be941fce2eaebc4aa38e17073
  Toast-Swift: 36f4720243c8582c2be243a60a51e193c761f541
  "UITableView+FDTemplateLayoutCell": 5c949b4a5059c404b442926c0e80f81d10a2d66f
  YYCache: 8105b6638f5e849296c71f331ff83891a4942952

PODFILE CHECKSUM: c750a2495cd6e6fcc019e578130e87c5272d1997

COCOAPODS: 1.7.1
